// !$*UTF8*$!
{
	archiveVersion = 1;
	classes = {
	};
	objectVersion = 50;
	objects = {

/* Begin PBXBuildFile section */
		0C150ACE22742D5700D83AD2 /* RecordInputView.m in Sources */ = {isa = PBXBuildFile; fileRef = 0C150ACD22742D5700D83AD2 /* RecordInputView.m */; };
		0C150AD2227464D600D83AD2 /* RDConfirmBox.m in Sources */ = {isa = PBXBuildFile; fileRef = 0C150AD1227464D600D83AD2 /* RDConfirmBox.m */; };
		0C451B1821A1C1330081424F /* AppDelegate.m in Sources */ = {isa = PBXBuildFile; fileRef = 0C451B1721A1C1330081424F /* AppDelegate.m */; };
		0C451B2021A1C1350081424F /* Assets.xcassets in Resources */ = {isa = PBXBuildFile; fileRef = 0C451B1F21A1C1350081424F /* Assets.xcassets */; };
		0C451B2321A1C1350081424F /* LaunchScreen.storyboard in Resources */ = {isa = PBXBuildFile; fileRef = 0C451B2121A1C1350081424F /* LaunchScreen.storyboard */; };
		0C451B2621A1C1350081424F /* main.m in Sources */ = {isa = PBXBuildFile; fileRef = 0C451B2521A1C1350081424F /* main.m */; };
		0C451B2E21A1C2830081424F /* HotMilkViewController.m in Sources */ = {isa = PBXBuildFile; fileRef = 0C451B2D21A1C2830081424F /* HotMilkViewController.m */; };
		0C64A6BE21D4159E006B7A93 /* BabyView.m in Sources */ = {isa = PBXBuildFile; fileRef = 0C64A6BD21D4159E006B7A93 /* BabyView.m */; };
		0C64A6C121D42017006B7A93 /* BabyMilkCell.m in Sources */ = {isa = PBXBuildFile; fileRef = 0C64A6C021D42017006B7A93 /* BabyMilkCell.m */; };
		0C680461229422E400A47A2C /* HMDataCenter.m in Sources */ = {isa = PBXBuildFile; fileRef = 0C680460229422E400A47A2C /* HMDataCenter.m */; };
		0C7E19122271B13E006A4546 /* DDPageScrollView.m in Sources */ = {isa = PBXBuildFile; fileRef = 0C7E19102271B13E006A4546 /* DDPageScrollView.m */; settings = {COMPILER_FLAGS = "-fno-objc-arc"; }; };
		0C7E19162271B23F006A4546 /* MoveableView.m in Sources */ = {isa = PBXBuildFile; fileRef = 0C7E19152271B23F006A4546 /* MoveableView.m */; };
		0C7E19182271B2D5006A4546 /* QuartzCore.framework in Frameworks */ = {isa = PBXBuildFile; fileRef = 0C7E19172271B2D5006A4546 /* QuartzCore.framework */; };
		0C7E191B22720B17006A4546 /* HMFunction.m in Sources */ = {isa = PBXBuildFile; fileRef = 0C7E191A22720B17006A4546 /* HMFunction.m */; };
		0CCC30142276128E0063FBEC /* RDFMDBAgent.m in Sources */ = {isa = PBXBuildFile; fileRef = 0CCC30132276128E0063FBEC /* RDFMDBAgent.m */; };
		0CCC3016227613DF0063FBEC /* libsqlite3.0.tbd in Frameworks */ = {isa = PBXBuildFile; fileRef = 0CCC3015227613DF0063FBEC /* libsqlite3.0.tbd */; };
		9000A92B9E85A0E3FC2D7258 /* libPods-HotMilk.a in Frameworks */ = {isa = PBXBuildFile; fileRef = 1431FA8BAC0F18250F0794F6 /* libPods-HotMilk.a */; };
/* End PBXBuildFile section */

/* Begin PBXFileReference section */
		0C150ACB227412F300D83AD2 /* Constants.h */ = {isa = PBXFileReference; fileEncoding = 4; lastKnownFileType = sourcecode.c.h; path = Constants.h; sourceTree = "<group>"; };
		0C150ACC22742D5700D83AD2 /* RecordInputView.h */ = {isa = PBXFileReference; fileEncoding = 4; lastKnownFileType = sourcecode.c.h; path = RecordInputView.h; sourceTree = "<group>"; };
		0C150ACD22742D5700D83AD2 /* RecordInputView.m */ = {isa = PBXFileReference; fileEncoding = 4; lastKnownFileType = sourcecode.c.objc; path = RecordInputView.m; sourceTree = "<group>"; };
		0C150AD0227464D600D83AD2 /* RDConfirmBox.h */ = {isa = PBXFileReference; lastKnownFileType = sourcecode.c.h; path = RDConfirmBox.h; sourceTree = "<group>"; };
		0C150AD1227464D600D83AD2 /* RDConfirmBox.m */ = {isa = PBXFileReference; lastKnownFileType = sourcecode.c.objc; path = RDConfirmBox.m; sourceTree = "<group>"; };
		0C1909F521A1C8F70041CDD2 /* PrefixHeader.pch */ = {isa = PBXFileReference; lastKnownFileType = sourcecode.c.h; path = PrefixHeader.pch; sourceTree = "<group>"; };
		0C451B1321A1C1330081424F /* HotMilk.app */ = {isa = PBXFileReference; explicitFileType = wrapper.application; includeInIndex = 0; path = HotMilk.app; sourceTree = BUILT_PRODUCTS_DIR; };
		0C451B1621A1C1330081424F /* AppDelegate.h */ = {isa = PBXFileReference; lastKnownFileType = sourcecode.c.h; path = AppDelegate.h; sourceTree = "<group>"; };
		0C451B1721A1C1330081424F /* AppDelegate.m */ = {isa = PBXFileReference; lastKnownFileType = sourcecode.c.objc; path = AppDelegate.m; sourceTree = "<group>"; };
		0C451B1F21A1C1350081424F /* Assets.xcassets */ = {isa = PBXFileReference; lastKnownFileType = folder.assetcatalog; path = Assets.xcassets; sourceTree = "<group>"; };
		0C451B2221A1C1350081424F /* Base */ = {isa = PBXFileReference; lastKnownFileType = file.storyboard; name = Base; path = Base.lproj/LaunchScreen.storyboard; sourceTree = "<group>"; };
		0C451B2421A1C1350081424F /* Info.plist */ = {isa = PBXFileReference; lastKnownFileType = text.plist.xml; path = Info.plist; sourceTree = "<group>"; };
		0C451B2521A1C1350081424F /* main.m */ = {isa = PBXFileReference; lastKnownFileType = sourcecode.c.objc; path = main.m; sourceTree = "<group>"; };
		0C451B2C21A1C2830081424F /* HotMilkViewController.h */ = {isa = PBXFileReference; lastKnownFileType = sourcecode.c.h; path = HotMilkViewController.h; sourceTree = "<group>"; };
		0C451B2D21A1C2830081424F /* HotMilkViewController.m */ = {isa = PBXFileReference; lastKnownFileType = sourcecode.c.objc; path = HotMilkViewController.m; sourceTree = "<group>"; };
		0C64A6BC21D4159E006B7A93 /* BabyView.h */ = {isa = PBXFileReference; lastKnownFileType = sourcecode.c.h; path = BabyView.h; sourceTree = "<group>"; };
		0C64A6BD21D4159E006B7A93 /* BabyView.m */ = {isa = PBXFileReference; lastKnownFileType = sourcecode.c.objc; path = BabyView.m; sourceTree = "<group>"; };
		0C64A6BF21D42017006B7A93 /* BabyMilkCell.h */ = {isa = PBXFileReference; lastKnownFileType = sourcecode.c.h; path = BabyMilkCell.h; sourceTree = "<group>"; };
		0C64A6C021D42017006B7A93 /* BabyMilkCell.m */ = {isa = PBXFileReference; lastKnownFileType = sourcecode.c.objc; path = BabyMilkCell.m; sourceTree = "<group>"; };
		0C68045F229422E400A47A2C /* HMDataCenter.h */ = {isa = PBXFileReference; lastKnownFileType = sourcecode.c.h; path = HMDataCenter.h; sourceTree = "<group>"; };
		0C680460229422E400A47A2C /* HMDataCenter.m */ = {isa = PBXFileReference; lastKnownFileType = sourcecode.c.objc; path = HMDataCenter.m; sourceTree = "<group>"; };
		0C7E19102271B13E006A4546 /* DDPageScrollView.m */ = {isa = PBXFileReference; fileEncoding = 4; lastKnownFileType = sourcecode.c.objc; path = DDPageScrollView.m; sourceTree = "<group>"; };
		0C7E19112271B13E006A4546 /* DDPageScrollView.h */ = {isa = PBXFileReference; fileEncoding = 4; lastKnownFileType = sourcecode.c.h; path = DDPageScrollView.h; sourceTree = "<group>"; };
		0C7E19142271B23F006A4546 /* MoveableView.h */ = {isa = PBXFileReference; fileEncoding = 4; lastKnownFileType = sourcecode.c.h; path = MoveableView.h; sourceTree = "<group>"; };
		0C7E19152271B23F006A4546 /* MoveableView.m */ = {isa = PBXFileReference; fileEncoding = 4; lastKnownFileType = sourcecode.c.objc; path = MoveableView.m; sourceTree = "<group>"; };
		0C7E19172271B2D5006A4546 /* QuartzCore.framework */ = {isa = PBXFileReference; lastKnownFileType = wrapper.framework; name = QuartzCore.framework; path = System/Library/Frameworks/QuartzCore.framework; sourceTree = SDKROOT; };
		0C7E191922720B17006A4546 /* HMFunction.h */ = {isa = PBXFileReference; fileEncoding = 4; lastKnownFileType = sourcecode.c.h; path = HMFunction.h; sourceTree = "<group>"; };
		0C7E191A22720B17006A4546 /* HMFunction.m */ = {isa = PBXFileReference; fileEncoding = 4; lastKnownFileType = sourcecode.c.objc; path = HMFunction.m; sourceTree = "<group>"; };
		0CCC30122276128E0063FBEC /* RDFMDBAgent.h */ = {isa = PBXFileReference; lastKnownFileType = sourcecode.c.h; path = RDFMDBAgent.h; sourceTree = "<group>"; };
		0CCC30132276128E0063FBEC /* RDFMDBAgent.m */ = {isa = PBXFileReference; lastKnownFileType = sourcecode.c.objc; path = RDFMDBAgent.m; sourceTree = "<group>"; };
		0CCC3015227613DF0063FBEC /* libsqlite3.0.tbd */ = {isa = PBXFileReference; lastKnownFileType = "sourcecode.text-based-dylib-definition"; name = libsqlite3.0.tbd; path = usr/lib/libsqlite3.0.tbd; sourceTree = SDKROOT; };
		1431FA8BAC0F18250F0794F6 /* libPods-HotMilk.a */ = {isa = PBXFileReference; explicitFileType = archive.ar; includeInIndex = 0; path = "libPods-HotMilk.a"; sourceTree = BUILT_PRODUCTS_DIR; };
		86A562146A2BB8E29B4B31A3 /* Pods-HotMilk.release.xcconfig */ = {isa = PBXFileReference; includeInIndex = 1; lastKnownFileType = text.xcconfig; name = "Pods-HotMilk.release.xcconfig"; path = "Pods/Target Support Files/Pods-HotMilk/Pods-HotMilk.release.xcconfig"; sourceTree = "<group>"; };
		AF58E5993DA4EECF2414F7BB /* Pods-HotMilk.debug.xcconfig */ = {isa = PBXFileReference; includeInIndex = 1; lastKnownFileType = text.xcconfig; name = "Pods-HotMilk.debug.xcconfig"; path = "Pods/Target Support Files/Pods-HotMilk/Pods-HotMilk.debug.xcconfig"; sourceTree = "<group>"; };
/* End PBXFileReference section */

/* Begin PBXFrameworksBuildPhase section */
		0C451B1021A1C1330081424F /* Frameworks */ = {
			isa = PBXFrameworksBuildPhase;
			buildActionMask = 2147483647;
			files = (
				0CCC3016227613DF0063FBEC /* libsqlite3.0.tbd in Frameworks */,
				0C7E19182271B2D5006A4546 /* QuartzCore.framework in Frameworks */,
				9000A92B9E85A0E3FC2D7258 /* libPods-HotMilk.a in Frameworks */,
			);
			runOnlyForDeploymentPostprocessing = 0;
		};
/* End PBXFrameworksBuildPhase section */

/* Begin PBXGroup section */
		0C150ACF227464BA00D83AD2 /* RDConfirmBox */ = {
			isa = PBXGroup;
			children = (
				0C150AD0227464D600D83AD2 /* RDConfirmBox.h */,
				0C150AD1227464D600D83AD2 /* RDConfirmBox.m */,
			);
			path = RDConfirmBox;
			sourceTree = "<group>";
		};
		0C451B0A21A1C1330081424F = {
			isa = PBXGroup;
			children = (
				0C451B1521A1C1330081424F /* HotMilk */,
				0C451B1421A1C1330081424F /* Products */,
				F206123CECD8F1C6BF648005 /* Pods */,
				CDB943B49AA08B2D92A30A11 /* Frameworks */,
			);
			sourceTree = "<group>";
		};
		0C451B1421A1C1330081424F /* Products */ = {
			isa = PBXGroup;
			children = (
				0C451B1321A1C1330081424F /* HotMilk.app */,
			);
			name = Products;
			sourceTree = "<group>";
		};
		0C451B1521A1C1330081424F /* HotMilk */ = {
			isa = PBXGroup;
			children = (
				0C150ACB227412F300D83AD2 /* Constants.h */,
				0CCC30122276128E0063FBEC /* RDFMDBAgent.h */,
				0CCC30132276128E0063FBEC /* RDFMDBAgent.m */,
				0C68045F229422E400A47A2C /* HMDataCenter.h */,
				0C680460229422E400A47A2C /* HMDataCenter.m */,
				0C7E191922720B17006A4546 /* HMFunction.h */,
				0C7E191A22720B17006A4546 /* HMFunction.m */,
				0C451B1621A1C1330081424F /* AppDelegate.h */,
				0C451B1721A1C1330081424F /* AppDelegate.m */,
				0C451B2C21A1C2830081424F /* HotMilkViewController.h */,
				0C451B2D21A1C2830081424F /* HotMilkViewController.m */,
				0C64A6BC21D4159E006B7A93 /* BabyView.h */,
				0C64A6BD21D4159E006B7A93 /* BabyView.m */,
				0C64A6BF21D42017006B7A93 /* BabyMilkCell.h */,
				0C64A6C021D42017006B7A93 /* BabyMilkCell.m */,
				0C150ACC22742D5700D83AD2 /* RecordInputView.h */,
				0C150ACD22742D5700D83AD2 /* RecordInputView.m */,
				0C7E190E2271B13E006A4546 /* Common */,
				0C451B1F21A1C1350081424F /* Assets.xcassets */,
				0C451B2121A1C1350081424F /* LaunchScreen.storyboard */,
				0C451B2421A1C1350081424F /* Info.plist */,
				0C451B2521A1C1350081424F /* main.m */,
				0C1909F521A1C8F70041CDD2 /* PrefixHeader.pch */,
			);
			path = HotMilk;
			sourceTree = "<group>";
		};
		0C7E190E2271B13E006A4546 /* Common */ = {
			isa = PBXGroup;
			children = (
				0C150ACF227464BA00D83AD2 /* RDConfirmBox */,
				0C7E19132271B23F006A4546 /* MoveableView */,
				0C7E190F2271B13E006A4546 /* DDPageScrollView */,
			);
			path = Common;
			sourceTree = "<group>";
		};
		0C7E190F2271B13E006A4546 /* DDPageScrollView */ = {
			isa = PBXGroup;
			children = (
				0C7E19112271B13E006A4546 /* DDPageScrollView.h */,
				0C7E19102271B13E006A4546 /* DDPageScrollView.m */,
			);
			path = DDPageScrollView;
			sourceTree = "<group>";
		};
		0C7E19132271B23F006A4546 /* MoveableView */ = {
			isa = PBXGroup;
			children = (
				0C7E19142271B23F006A4546 /* MoveableView.h */,
				0C7E19152271B23F006A4546 /* MoveableView.m */,
			);
			path = MoveableView;
			sourceTree = "<group>";
		};
		CDB943B49AA08B2D92A30A11 /* Frameworks */ = {
			isa = PBXGroup;
			children = (
				0CCC3015227613DF0063FBEC /* libsqlite3.0.tbd */,
				0C7E19172271B2D5006A4546 /* QuartzCore.framework */,
				1431FA8BAC0F18250F0794F6 /* libPods-HotMilk.a */,
			);
			name = Frameworks;
			sourceTree = "<group>";
		};
		F206123CECD8F1C6BF648005 /* Pods */ = {
			isa = PBXGroup;
			children = (
				AF58E5993DA4EECF2414F7BB /* Pods-HotMilk.debug.xcconfig */,
				86A562146A2BB8E29B4B31A3 /* Pods-HotMilk.release.xcconfig */,
			);
			name = Pods;
			sourceTree = "<group>";
		};
/* End PBXGroup section */

/* Begin PBXNativeTarget section */
		0C451B1221A1C1330081424F /* HotMilk */ = {
			isa = PBXNativeTarget;
			buildConfigurationList = 0C451B2921A1C1350081424F /* Build configuration list for PBXNativeTarget "HotMilk" */;
			buildPhases = (
				641E1D4A2BFD5AC643020434 /* [CP] Check Pods Manifest.lock */,
				0C451B0F21A1C1330081424F /* Sources */,
				0C451B1021A1C1330081424F /* Frameworks */,
				0C451B1121A1C1330081424F /* Resources */,
			);
			buildRules = (
			);
			dependencies = (
			);
			name = HotMilk;
			productName = HotMilk;
			productReference = 0C451B1321A1C1330081424F /* HotMilk.app */;
			productType = "com.apple.product-type.application";
		};
/* End PBXNativeTarget section */

/* Begin PBXProject section */
		0C451B0B21A1C1330081424F /* Project object */ = {
			isa = PBXProject;
			attributes = {
				LastUpgradeCheck = 0940;
				ORGANIZATIONNAME = radar;
				TargetAttributes = {
					0C451B1221A1C1330081424F = {
						CreatedOnToolsVersion = 9.4.1;
					};
				};
			};
			buildConfigurationList = 0C451B0E21A1C1330081424F /* Build configuration list for PBXProject "HotMilk" */;
			compatibilityVersion = "Xcode 9.3";
			developmentRegion = en;
			hasScannedForEncodings = 0;
			knownRegions = (
				en,
				Base,
			);
			mainGroup = 0C451B0A21A1C1330081424F;
			productRefGroup = 0C451B1421A1C1330081424F /* Products */;
			projectDirPath = "";
			projectRoot = "";
			targets = (
				0C451B1221A1C1330081424F /* HotMilk */,
			);
		};
/* End PBXProject section */

/* Begin PBXResourcesBuildPhase section */
		0C451B1121A1C1330081424F /* Resources */ = {
			isa = PBXResourcesBuildPhase;
			buildActionMask = 2147483647;
			files = (
				0C451B2321A1C1350081424F /* LaunchScreen.storyboard in Resources */,
				0C451B2021A1C1350081424F /* Assets.xcassets in Resources */,
			);
			runOnlyForDeploymentPostprocessing = 0;
		};
/* End PBXResourcesBuildPhase section */

/* Begin PBXShellScriptBuildPhase section */
		641E1D4A2BFD5AC643020434 /* [CP] Check Pods Manifest.lock */ = {
			isa = PBXShellScriptBuildPhase;
			buildActionMask = 2147483647;
			files = (
			);
			inputPaths = (
				"${PODS_PODFILE_DIR_PATH}/Podfile.lock",
				"${PODS_ROOT}/Manifest.lock",
			);
			name = "[CP] Check Pods Manifest.lock";
			outputPaths = (
				"$(DERIVED_FILE_DIR)/Pods-HotMilk-checkManifestLockResult.txt",
			);
			runOnlyForDeploymentPostprocessing = 0;
			shellPath = /bin/sh;
			shellScript = "diff \"${PODS_PODFILE_DIR_PATH}/Podfile.lock\" \"${PODS_ROOT}/Manifest.lock\" > /dev/null\nif [ $? != 0 ] ; then\n    # print error to STDERR\n    echo \"error: The sandbox is not in sync with the Podfile.lock. Run 'pod install' or update your CocoaPods installation.\" >&2\n    exit 1\nfi\n# This output is used by Xcode 'outputs' to avoid re-running this script phase.\necho \"SUCCESS\" > \"${SCRIPT_OUTPUT_FILE_0}\"\n";
			showEnvVarsInLog = 0;
		};
/* End PBXShellScriptBuildPhase section */

/* Begin PBXSourcesBuildPhase section */
		0C451B0F21A1C1330081424F /* Sources */ = {
			isa = PBXSourcesBuildPhase;
			buildActionMask = 2147483647;
			files = (
				0C64A6C121D42017006B7A93 /* BabyMilkCell.m in Sources */,
				0C150ACE22742D5700D83AD2 /* RecordInputView.m in Sources */,
				0C451B2E21A1C2830081424F /* HotMilkViewController.m in Sources */,
				0C7E191B22720B17006A4546 /* HMFunction.m in Sources */,
				0C150AD2227464D600D83AD2 /* RDConfirmBox.m in Sources */,
				0C680461229422E400A47A2C /* HMDataCenter.m in Sources */,
				0C451B2621A1C1350081424F /* main.m in Sources */,
				0C451B1821A1C1330081424F /* AppDelegate.m in Sources */,
				0C64A6BE21D4159E006B7A93 /* BabyView.m in Sources */,
				0C7E19122271B13E006A4546 /* DDPageScrollView.m in Sources */,
				0CCC30142276128E0063FBEC /* RDFMDBAgent.m in Sources */,
				0C7E19162271B23F006A4546 /* MoveableView.m in Sources */,
			);
			runOnlyForDeploymentPostprocessing = 0;
		};
/* End PBXSourcesBuildPhase section */

/* Begin PBXVariantGroup section */
		0C451B2121A1C1350081424F /* LaunchScreen.storyboard */ = {
			isa = PBXVariantGroup;
			children = (
				0C451B2221A1C1350081424F /* Base */,
			);
			name = LaunchScreen.storyboard;
			sourceTree = "<group>";
		};
/* End PBXVariantGroup section */

/* Begin XCBuildConfiguration section */
		0C451B2721A1C1350081424F /* Debug */ = {
			isa = XCBuildConfiguration;
			buildSettings = {
				ALWAYS_SEARCH_USER_PATHS = NO;
				CLANG_ANALYZER_NONNULL = YES;
				CLANG_ANALYZER_NUMBER_OBJECT_CONVERSION = YES_AGGRESSIVE;
				CLANG_CXX_LANGUAGE_STANDARD = "gnu++14";
				CLANG_CXX_LIBRARY = "libc++";
				CLANG_ENABLE_MODULES = YES;
				CLANG_ENABLE_OBJC_ARC = YES;
				CLANG_ENABLE_OBJC_WEAK = YES;
				CLANG_WARN_BLOCK_CAPTURE_AUTORELEASING = YES;
				CLANG_WARN_BOOL_CONVERSION = YES;
				CLANG_WARN_COMMA = YES;
				CLANG_WARN_CONSTANT_CONVERSION = YES;
				CLANG_WARN_DEPRECATED_OBJC_IMPLEMENTATIONS = YES;
				CLANG_WARN_DIRECT_OBJC_ISA_USAGE = YES_ERROR;
				CLANG_WARN_DOCUMENTATION_COMMENTS = YES;
				CLANG_WARN_EMPTY_BODY = YES;
				CLANG_WARN_ENUM_CONVERSION = YES;
				CLANG_WARN_INFINITE_RECURSION = YES;
				CLANG_WARN_INT_CONVERSION = YES;
				CLANG_WARN_NON_LITERAL_NULL_CONVERSION = YES;
				CLANG_WARN_OBJC_IMPLICIT_RETAIN_SELF = YES;
				CLANG_WARN_OBJC_LITERAL_CONVERSION = YES;
				CLANG_WARN_OBJC_ROOT_CLASS = YES_ERROR;
				CLANG_WARN_RANGE_LOOP_ANALYSIS = YES;
				CLANG_WARN_STRICT_PROTOTYPES = YES;
				CLANG_WARN_SUSPICIOUS_MOVE = YES;
				CLANG_WARN_UNGUARDED_AVAILABILITY = YES_AGGRESSIVE;
				CLANG_WARN_UNREACHABLE_CODE = YES;
				CLANG_WARN__DUPLICATE_METHOD_MATCH = YES;
				CODE_SIGN_IDENTITY = "iPhone Developer";
				COPY_PHASE_STRIP = NO;
				DEBUG_INFORMATION_FORMAT = dwarf;
				ENABLE_STRICT_OBJC_MSGSEND = YES;
				ENABLE_TESTABILITY = YES;
				GCC_C_LANGUAGE_STANDARD = gnu11;
				GCC_DYNAMIC_NO_PIC = NO;
				GCC_NO_COMMON_BLOCKS = YES;
				GCC_OPTIMIZATION_LEVEL = 0;
				GCC_PREPROCESSOR_DEFINITIONS = (
					"DEBUG=1",
					"$(inherited)",
				);
				GCC_WARN_64_TO_32_BIT_CONVERSION = YES;
				GCC_WARN_ABOUT_RETURN_TYPE = YES_ERROR;
				GCC_WARN_UNDECLARED_SELECTOR = YES;
				GCC_WARN_UNINITIALIZED_AUTOS = YES_AGGRESSIVE;
				GCC_WARN_UNUSED_FUNCTION = YES;
				GCC_WARN_UNUSED_VARIABLE = YES;
				IPHONEOS_DEPLOYMENT_TARGET = 10.0;
				MTL_ENABLE_DEBUG_INFO = YES;
				ONLY_ACTIVE_ARCH = YES;
				SDKROOT = iphoneos;
			};
			name = Debug;
		};
		0C451B2821A1C1350081424F /* Release */ = {
			isa = XCBuildConfiguration;
			buildSettings = {
				ALWAYS_SEARCH_USER_PATHS = NO;
				CLANG_ANALYZER_NONNULL = YES;
				CLANG_ANALYZER_NUMBER_OBJECT_CONVERSION = YES_AGGRESSIVE;
				CLANG_CXX_LANGUAGE_STANDARD = "gnu++14";
				CLANG_CXX_LIBRARY = "libc++";
				CLANG_ENABLE_MODULES = YES;
				CLANG_ENABLE_OBJC_ARC = YES;
				CLANG_ENABLE_OBJC_WEAK = YES;
				CLANG_WARN_BLOCK_CAPTURE_AUTORELEASING = YES;
				CLANG_WARN_BOOL_CONVERSION = YES;
				CLANG_WARN_COMMA = YES;
				CLANG_WARN_CONSTANT_CONVERSION = YES;
				CLANG_WARN_DEPRECATED_OBJC_IMPLEMENTATIONS = YES;
				CLANG_WARN_DIRECT_OBJC_ISA_USAGE = YES_ERROR;
				CLANG_WARN_DOCUMENTATION_COMMENTS = YES;
				CLANG_WARN_EMPTY_BODY = YES;
				CLANG_WARN_ENUM_CONVERSION = YES;
				CLANG_WARN_INFINITE_RECURSION = YES;
				CLANG_WARN_INT_CONVERSION = YES;
				CLANG_WARN_NON_LITERAL_NULL_CONVERSION = YES;
				CLANG_WARN_OBJC_IMPLICIT_RETAIN_SELF = YES;
				CLANG_WARN_OBJC_LITERAL_CONVERSION = YES;
				CLANG_WARN_OBJC_ROOT_CLASS = YES_ERROR;
				CLANG_WARN_RANGE_LOOP_ANALYSIS = YES;
				CLANG_WARN_STRICT_PROTOTYPES = YES;
				CLANG_WARN_SUSPICIOUS_MOVE = YES;
				CLANG_WARN_UNGUARDED_AVAILABILITY = YES_AGGRESSIVE;
				CLANG_WARN_UNREACHABLE_CODE = YES;
				CLANG_WARN__DUPLICATE_METHOD_MATCH = YES;
				CODE_SIGN_IDENTITY = "iPhone Developer";
				COPY_PHASE_STRIP = NO;
				DEBUG_INFORMATION_FORMAT = "dwarf-with-dsym";
				ENABLE_NS_ASSERTIONS = NO;
				ENABLE_STRICT_OBJC_MSGSEND = YES;
				GCC_C_LANGUAGE_STANDARD = gnu11;
				GCC_NO_COMMON_BLOCKS = YES;
				GCC_WARN_64_TO_32_BIT_CONVERSION = YES;
				GCC_WARN_ABOUT_RETURN_TYPE = YES_ERROR;
				GCC_WARN_UNDECLARED_SELECTOR = YES;
				GCC_WARN_UNINITIALIZED_AUTOS = YES_AGGRESSIVE;
				GCC_WARN_UNUSED_FUNCTION = YES;
				GCC_WARN_UNUSED_VARIABLE = YES;
				IPHONEOS_DEPLOYMENT_TARGET = 10.0;
				MTL_ENABLE_DEBUG_INFO = NO;
				SDKROOT = iphoneos;
				VALIDATE_PRODUCT = YES;
			};
			name = Release;
		};
		0C451B2A21A1C1350081424F /* Debug */ = {
			isa = XCBuildConfiguration;
			baseConfigurationReference = AF58E5993DA4EECF2414F7BB /* Pods-HotMilk.debug.xcconfig */;
			buildSettings = {
				ASSETCATALOG_COMPILER_APPICON_NAME = AppIcon;
				CODE_SIGN_STYLE = Automatic;
				DEVELOPMENT_TEAM = ZC5ZC9QH42;
				GCC_PRECOMPILE_PREFIX_HEADER = YES;
				GCC_PREFIX_HEADER = "$(SRCROOT)/HotMilk/PrefixHeader.pch";
				INFOPLIST_FILE = HotMilk/Info.plist;
				LD_RUNPATH_SEARCH_PATHS = (
					"$(inherited)",
					"@executable_path/Frameworks",
				);
				PRODUCT_BUNDLE_IDENTIFIER = com.dangdang.HotMilk;
				PRODUCT_NAME = "$(TARGET_NAME)";
				TARGETED_DEVICE_FAMILY = 1;
			};
			name = Debug;
		};
		0C451B2B21A1C1350081424F /* Release */ = {
			isa = XCBuildConfiguration;
			baseConfigurationReference = 86A562146A2BB8E29B4B31A3 /* Pods-HotMilk.release.xcconfig */;
			buildSettings = {
				ASSETCATALOG_COMPILER_APPICON_NAME = AppIcon;
				CODE_SIGN_STYLE = Automatic;
				DEVELOPMENT_TEAM = ZC5ZC9QH42;
				GCC_PRECOMPILE_PREFIX_HEADER = YES;
				GCC_PREFIX_HEADER = "$(SRCROOT)/HotMilk/PrefixHeader.pch";
				INFOPLIST_FILE = HotMilk/Info.plist;
				LD_RUNPATH_SEARCH_PATHS = (
					"$(inherited)",
					"@executable_path/Frameworks",
				);
				PRODUCT_BUNDLE_IDENTIFIER = com.dangdang.HotMilk;
				PRODUCT_NAME = "$(TARGET_NAME)";
				TARGETED_DEVICE_FAMILY = 1;
			};
			name = Release;
		};
/* End XCBuildConfiguration section */

/* Begin XCConfigurationList section */
		0C451B0E21A1C1330081424F /* Build configuration list for PBXProject "HotMilk" */ = {
			isa = XCConfigurationList;
			buildConfigurations = (
				0C451B2721A1C1350081424F /* Debug */,
				0C451B2821A1C1350081424F /* Release */,
			);
			defaultConfigurationIsVisible = 0;
			defaultConfigurationName = Release;
		};
		0C451B2921A1C1350081424F /* Build configuration list for PBXNativeTarget "HotMilk" */ = {
			isa = XCConfigurationList;
			buildConfigurations = (
				0C451B2A21A1C1350081424F /* Debug */,
				0C451B2B21A1C1350081424F /* Release */,
			);
			defaultConfigurationIsVisible = 0;
			defaultConfigurationName = Release;
		};
/* End XCConfigurationList section */
	};
	rootObject = 0C451B0B21A1C1330081424F /* Project object */;
}
